{
    "_readme": [
        "This file locks the dependencies of your project to a known state",
        "Read more about it at https://getcomposer.org/doc/01-basic-usage.md#installing-dependencies",
        "This file is @generated automatically"
    ],
    "content-hash": "907e285f65325b51e424d991537f18af",
    "packages": [
        {
            "name": "sendgrid/php-http-client",
            "version": "3.14.4",
            "source": {
                "type": "git",
                "url": "https://github.com/sendgrid/php-http-client.git",
                "reference": "6d589564522be290c7d7c18e51bcd8b03aeaf0b6"
            },
            "dist": {
                "type": "zip",
                "url": "https://api.github.com/repos/sendgrid/php-http-client/zipball/6d589564522be290c7d7c18e51bcd8b03aeaf0b6",
                "reference": "6d589564522be290c7d7c18e51bcd8b03aeaf0b6",
                "shasum": ""
            },
            "require": {
                "ext-curl": "*",
                "ext-json": "*",
                "ext-mbstring": "*",
                "php": ">=5.6"
            },
            "require-dev": {
                "friendsofphp/php-cs-fixer": "^2.16",
                "phpunit/phpunit": "^5.7 || ^6.5",
                "sebastian/version": "^1.0.6",
                "squizlabs/php_codesniffer": "~2.0"
            },
            "suggest": {
                "composer/ca-bundle": "Including this library will ensure that a valid CA bundle is available for secure connections"
            },
            "type": "library",
            "autoload": {
                "psr-4": {
                    "SendGrid\\": "lib/"
                }
            },
            "notification-url": "https://packagist.org/downloads/",
            "license": [
                "MIT"
            ],
            "authors": [
                {
                    "name": "Matt Bernier",
                    "email": "mbernier@twilio.com"
                },
                {
                    "name": "Elmer Thomas",
                    "email": "ethomas@twilio.com"
                }
            ],
            "description": "HTTP REST client, simplified for PHP",
            "homepage": "http://github.com/sendgrid/php-http-client",
            "keywords": [
                "api",
                "fluent",
                "http",
                "rest",
                "sendgrid"
            ],
            "support": {
                "issues": "https://github.com/sendgrid/php-http-client/issues",
                "source": "https://github.com/sendgrid/php-http-client/tree/3.14.4"
            },
            "time": "2022-03-09T20:21:55+00:00"
        },
        {
            "name": "sendgrid/sendgrid",
            "version": "7.11.5",
            "source": {
                "type": "git",
                "url": "https://github.com/sendgrid/sendgrid-php.git",
                "reference": "1d2fd3b72687fe82264853a8888b014f8f99e81f"
            },
            "dist": {
                "type": "zip",
                "url": "https://api.github.com/repos/sendgrid/sendgrid-php/zipball/1d2fd3b72687fe82264853a8888b014f8f99e81f",
                "reference": "1d2fd3b72687fe82264853a8888b014f8f99e81f",
                "shasum": ""
            },
            "require": {
                "ext-curl": "*",
                "ext-json": "*",
                "ext-mbstring": "*",
                "ext-openssl": "*",
                "php": ">=5.6",
                "sendgrid/php-http-client": "~3.10",
                "starkbank/ecdsa": "0.*"
            },
            "replace": {
                "sendgrid/sendgrid-php": "*"
            },
            "require-dev": {
                "phpunit/phpunit": "^5.7.9 || ^6.4.3",
                "squizlabs/php_codesniffer": "3.*",
                "swaggest/json-diff": "^3.4"
            },
            "type": "library",
            "autoload": {
                "psr-4": {
                    "SendGrid\\Mail\\": "lib/mail/",
                    "SendGrid\\Stats\\": "lib/stats/",
                    "SendGrid\\Helper\\": "lib/helper/",
                    "SendGrid\\Contacts\\": "lib/contacts/",
                    "SendGrid\\EventWebhook\\": "lib/eventwebhook/"
                },
                "classmap": [
                    "lib/BaseSendGridClientInterface.php",
                    "lib/SendGrid.php",
                    "lib/TwilioEmail.php"
                ]
            },
            "notification-url": "https://packagist.org/downloads/",
            "license": [
                "MIT"
            ],
            "description": "This library allows you to quickly and easily send emails through Twilio SendGrid using PHP.",
            "homepage": "http://github.com/sendgrid/sendgrid-php",
            "keywords": [
                "email",
                "grid",
                "send",
                "sendgrid",
                "twilio sendgrid"
            ],
            "support": {
                "issues": "https://github.com/sendgrid/sendgrid-php/issues",
                "source": "https://github.com/sendgrid/sendgrid-php/tree/7.11.5"
            },
            "time": "2022-03-09T20:21:56+00:00"
        },
        {
            "name": "starkbank/ecdsa",
            "version": "0.0.5",
            "source": {
                "type": "git",
                "url": "https://github.com/starkbank/ecdsa-php.git",
                "reference": "484bedac47bac4012dc73df91da221f0a66845cb"
            },
            "dist": {
                "type": "zip",
                "url": "https://api.github.com/repos/starkbank/ecdsa-php/zipball/484bedac47bac4012dc73df91da221f0a66845cb",
                "reference": "484bedac47bac4012dc73df91da221f0a66845cb",
                "shasum": ""
            },
            "require": {
                "php": ">=5.5"
            },
            "type": "library",
            "autoload": {
                "files": [
                    "src/ellipticcurve.php"
                ]
            },
            "notification-url": "https://packagist.org/downloads/",
            "license": [
                "MIT"
            ],
            "authors": [
                {
                    "name": "StarkBank",
                    "email": "developers@starkbank.com",
                    "homepage": "https://starkbank.com",
                    "role": "Developer"
                }
            ],
            "description": "fast openSSL-compatible implementation of the Elliptic Curve Digital Signature Algorithm (ECDSA)",
            "homepage": "https://github.com/starkbank/ecdsa-php",
            "support": {
                "issues": "https://github.com/starkbank/ecdsa-php/issues",
                "source": "https://github.com/starkbank/ecdsa-php/tree/v0.0.5"
            },
            "time": "2021-06-06T22:24:49+00:00"
        }
    ],
    "packages-dev": [],
    "aliases": [],
    "minimum-stability": "stable",
    "stability-flags": [],
    "prefer-stable": false,
    "prefer-lowest": false,
    "platform": [],
    "platform-dev": [],
    "plugin-api-version": "2.1.0"
}
