
Microsoft Visual Studio Solution File, Format Version 12.00
# Visual Studio 15
Project("{FAE04EC0-301F-11D3-BF4B-00C04F79EFBC}") = "Testprojekte", "Assembly-CSharp-firstpass.csproj", "{9DE349C6-4BDE-E060-4845-C4BBAE71BE45}"
EndProject
Project("{FAE04EC0-301F-11D3-BF4B-00C04F79EFBC}") = "Testprojekte", "Assembly-CSharp.csproj", "{CBF71D9B-BC22-FAA9-5FC8-F92210DFE4A3}"
EndProject
Project("{FAE04EC0-301F-11D3-BF4B-00C04F79EFBC}") = "Testprojekte", "Assembly-CSharp-Editor-firstpass.csproj", "{B6289E8F-A362-C202-ED98-44D73476A4C0}"
EndProject
Global
	GlobalSection(SolutionConfigurationPlatforms) = preSolution
		Debug|Any CPU = Debug|Any CPU
		Release|Any CPU = Release|Any CPU
	EndGlobalSection
	GlobalSection(ProjectConfigurationPlatforms) = postSolution
		{9DE349C6-4BDE-E060-4845-C4BBAE71BE45}.Debug|Any CPU.ActiveCfg = Debug|Any CPU
		{9DE349C6-4BDE-E060-4845-C4BBAE71BE45}.Debug|Any CPU.Build.0 = Debug|Any CPU
		{9DE349C6-4BDE-E060-4845-C4BBAE71BE45}.Release|Any CPU.ActiveCfg = Release|Any CPU
		{9DE349C6-4BDE-E060-4845-C4BBAE71BE45}.Release|Any CPU.Build.0 = Release|Any CPU
		{CBF71D9B-BC22-FAA9-5FC8-F92210DFE4A3}.Debug|Any CPU.ActiveCfg = Debug|Any CPU
		{CBF71D9B-BC22-FAA9-5FC8-F92210DFE4A3}.Debug|Any CPU.Build.0 = Debug|Any CPU
		{CBF71D9B-BC22-FAA9-5FC8-F92210DFE4A3}.Release|Any CPU.ActiveCfg = Release|Any CPU
		{CBF71D9B-BC22-FAA9-5FC8-F92210DFE4A3}.Release|Any CPU.Build.0 = Release|Any CPU
		{B6289E8F-A362-C202-ED98-44D73476A4C0}.Debug|Any CPU.ActiveCfg = Debug|Any CPU
		{B6289E8F-A362-C202-ED98-44D73476A4C0}.Debug|Any CPU.Build.0 = Debug|Any CPU
		{B6289E8F-A362-C202-ED98-44D73476A4C0}.Release|Any CPU.ActiveCfg = Release|Any CPU
		{B6289E8F-A362-C202-ED98-44D73476A4C0}.Release|Any CPU.Build.0 = Release|Any CPU
	EndGlobalSection
	GlobalSection(SolutionProperties) = preSolution
		HideSolutionNode = FALSE
	EndGlobalSection
EndGlobal
